
Microsoft Visual Studio Solution File, Format Version 12.00
# Visual Studio 15
VisualStudioVersion = 15.0.26430.16
MinimumVisualStudioVersion = 10.0.40219.1
Project("{FAE04EC0-301F-11D3-BF4B-00C04F79EFBC}") = "Recap.Domain", "Recap.Domain\Recap.Domain.csproj", "{2FB8B789-E4C7-411F-9863-E614A33E4E2D}"
EndProject
Project("{FAE04EC0-301F-11D3-BF4B-00C04F79EFBC}") = "Recap.Domain.Data", "Recap.Domain.Data\Recap.Domain.Data.csproj", "{78FD3551-0870-4C8C-9F71-3F25B924DFBF}"
EndProject
Project("{FAE04EC0-301F-11D3-BF4B-00C04F79EFBC}") = "Recap.Domain.Handlers", "Recap.Domain.Handlers\Recap.Domain.Handlers.csproj", "{D881DB24-3222-4BC6-97DD-9AD36CF33F98}"
EndProject
Project("{FAE04EC0-301F-11D3-BF4B-00C04F79EFBC}") = "Recap.Messages", "Recap.Messages\Recap.Messages.csproj", "{63234AC2-2CAF-47AE-8196-466BCED463B6}"
EndProject
Project("{FAE04EC0-301F-11D3-BF4B-00C04F79EFBC}") = "Recap.ViewModels", "Recap.ViewModels\Recap.ViewModels.csproj", "{FD29D64A-5AEE-4956-BD59-75206E37B88C}"
EndProject
Global
	GlobalSection(SolutionConfigurationPlatforms) = preSolution
		Debug|Any CPU = Debug|Any CPU
		Release|Any CPU = Release|Any CPU
	EndGlobalSection
	GlobalSection(ProjectConfigurationPlatforms) = postSolution
		{2FB8B789-E4C7-411F-9863-E614A33E4E2D}.Debug|Any CPU.ActiveCfg = Debug|Any CPU
		{2FB8B789-E4C7-411F-9863-E614A33E4E2D}.Debug|Any CPU.Build.0 = Debug|Any CPU
		{2FB8B789-E4C7-411F-9863-E614A33E4E2D}.Release|Any CPU.ActiveCfg = Release|Any CPU
		{2FB8B789-E4C7-411F-9863-E614A33E4E2D}.Release|Any CPU.Build.0 = Release|Any CPU
		{78FD3551-0870-4C8C-9F71-3F25B924DFBF}.Debug|Any CPU.ActiveCfg = Debug|Any CPU
		{78FD3551-0870-4C8C-9F71-3F25B924DFBF}.Debug|Any CPU.Build.0 = Debug|Any CPU
		{78FD3551-0870-4C8C-9F71-3F25B924DFBF}.Release|Any CPU.ActiveCfg = Release|Any CPU
		{78FD3551-0870-4C8C-9F71-3F25B924DFBF}.Release|Any CPU.Build.0 = Release|Any CPU
		{D881DB24-3222-4BC6-97DD-9AD36CF33F98}.Debug|Any CPU.ActiveCfg = Debug|Any CPU
		{D881DB24-3222-4BC6-97DD-9AD36CF33F98}.Debug|Any CPU.Build.0 = Debug|Any CPU
		{D881DB24-3222-4BC6-97DD-9AD36CF33F98}.Release|Any CPU.ActiveCfg = Release|Any CPU
		{D881DB24-3222-4BC6-97DD-9AD36CF33F98}.Release|Any CPU.Build.0 = Release|Any CPU
		{63234AC2-2CAF-47AE-8196-466BCED463B6}.Debug|Any CPU.ActiveCfg = Debug|Any CPU
		{63234AC2-2CAF-47AE-8196-466BCED463B6}.Debug|Any CPU.Build.0 = Debug|Any CPU
		{63234AC2-2CAF-47AE-8196-466BCED463B6}.Release|Any CPU.ActiveCfg = Release|Any CPU
		{63234AC2-2CAF-47AE-8196-466BCED463B6}.Release|Any CPU.Build.0 = Release|Any CPU
		{FD29D64A-5AEE-4956-BD59-75206E37B88C}.Debug|Any CPU.ActiveCfg = Debug|Any CPU
		{FD29D64A-5AEE-4956-BD59-75206E37B88C}.Debug|Any CPU.Build.0 = Debug|Any CPU
		{FD29D64A-5AEE-4956-BD59-75206E37B88C}.Release|Any CPU.ActiveCfg = Release|Any CPU
		{FD29D64A-5AEE-4956-BD59-75206E37B88C}.Release|Any CPU.Build.0 = Release|Any CPU
	EndGlobalSection
	GlobalSection(SolutionProperties) = preSolution
		HideSolutionNode = FALSE
	EndGlobalSection
EndGlobal
